<Solution>
  <Project Path="languages/csharp/src/PositionTape/PositionTape.csproj" />
  <Project Path="languages/csharp/tests/PositionTape.Tests/PositionTape.Tests.csproj" />
  <Project Path="tools/conformance/csharp/PositionTape.Conformance/PositionTape.Conformance.csproj" />
  <Project Path="languages/vbnet/src/PositionTape/PositionTape.vbproj" />
  <Project Path="languages/vbnet/tests/PositionTape.Tests/PositionTape.Tests.vbproj" />
</Solution>
